
Microsoft Visual Studio Solution File, Format Version 12.00
# Visual Studio Version 17
VisualStudioVersion = 17.14.37614.0 d17.14
MinimumVisualStudioVersion = 10.0.40219.1
Project("{FAE04EC0-301F-11D3-BF4B-00C04F79EFBC}") = "LandData", "LandData.csproj", "{94CC51E9-BE74-4524-B6E0-FF9F072633D0}"
EndProject
Global
	GlobalSection(SolutionConfigurationPlatforms) = preSolution
		Debug|Any CPU = Debug|Any CPU
		Release|Any CPU = Release|Any CPU
	EndGlobalSection
	GlobalSection(ProjectConfigurationPlatforms) = postSolution
		{94CC51E9-BE74-4524-B6E0-FF9F072633D0}.Debug|Any CPU.ActiveCfg = Debug|Any CPU
		{94CC51E9-BE74-4524-B6E0-FF9F072633D0}.Debug|Any CPU.Build.0 = Debug|Any CPU
		{94CC51E9-BE74-4524-B6E0-FF9F072633D0}.Release|Any CPU.ActiveCfg = Release|Any CPU
		{94CC51E9-BE74-4524-B6E0-FF9F072633D0}.Release|Any CPU.Build.0 = Release|Any CPU
	EndGlobalSection
	GlobalSection(SolutionProperties) = preSolution
		HideSolutionNode = FALSE
	EndGlobalSection
	GlobalSection(ExtensibilityGlobals) = postSolution
		SolutionGuid = {D69E9FB0-1067-47BB-BECA-5F5702CFCE21}
	EndGlobalSection
EndGlobal
